// !$*UTF8*$!
{
	archiveVersion = 1;
	classes = {
	};
	objectVersion = 56;
	objects = {

/* Begin PBXBuildFile section */
		C766BC4A2CC86050007D50F8 /* AppDelegate.swift in Sources */ = {isa = PBXBuildFile; fileRef = C766BC492CC86050007D50F8 /* AppDelegate.swift */; };
		C766BC4C2CC86050007D50F8 /* SceneDelegate.swift in Sources */ = {isa = PBXBuildFile; fileRef = C766BC4B2CC86050007D50F8 /* SceneDelegate.swift */; };
		C766BC4E2CC86050007D50F8 /* ViewController.swift in Sources */ = {isa = PBXBuildFile; fileRef = C766BC4D2CC86050007D50F8 /* ViewController.swift */; };
		C766BC512CC86050007D50F8 /* Main.storyboard in Resources */ = {isa = PBXBuildFile; fileRef = C766BC4F2CC86050007D50F8 /* Main.storyboard */; };
		C766BC532CC86051007D50F8 /* Assets.xcassets in Resources */ = {isa = PBXBuildFile; fileRef = C766BC522CC86051007D50F8 /* Assets.xcassets */; };
		C766BC562CC86051007D50F8 /* LaunchScreen.storyboard in Resources */ = {isa = PBXBuildFile; fileRef = C766BC542CC86051007D50F8 /* LaunchScreen.storyboard */; };
		C766BC612CC86051007D50F8 /* XylophoneTests.swift in Sources */ = {isa = PBXBuildFile; fileRef = C766BC602CC86051007D50F8 /* XylophoneTests.swift */; };
		C766BC6B2CC86051007D50F8 /* XylophoneUITests.swift in Sources */ = {isa = PBXBuildFile; fileRef = C766BC6A2CC86051007D50F8 /* XylophoneUITests.swift */; };
		C766BC6D2CC86051007D50F8 /* XylophoneUITestsLaunchTests.swift in Sources */ = {isa = PBXBuildFile; fileRef = C766BC6C2CC86051007D50F8 /* XylophoneUITestsLaunchTests.swift */; };
		C766BC812CC868C1007D50F8 /* A.wav in Resources */ = {isa = PBXBuildFile; fileRef = C766BC7A2CC868C1007D50F8 /* A.wav */; };
		C766BC822CC868C1007D50F8 /* C.wav in Resources */ = {isa = PBXBuildFile; fileRef = C766BC7B2CC868C1007D50F8 /* C.wav */; };
		C766BC832CC868C1007D50F8 /* B.wav in Resources */ = {isa = PBXBuildFile; fileRef = C766BC7C2CC868C1007D50F8 /* B.wav */; };
		C766BC842CC868C1007D50F8 /* F.wav in Resources */ = {isa = PBXBuildFile; fileRef = C766BC7D2CC868C1007D50F8 /* F.wav */; };
		C766BC852CC868C1007D50F8 /* G.wav in Resources */ = {isa = PBXBuildFile; fileRef = C766BC7E2CC868C1007D50F8 /* G.wav */; };
		C766BC862CC868C1007D50F8 /* E.wav in Resources */ = {isa = PBXBuildFile; fileRef = C766BC7F2CC868C1007D50F8 /* E.wav */; };
		C766BC872CC868C1007D50F8 /* D.wav in Resources */ = {isa = PBXBuildFile; fileRef = C766BC802CC868C1007D50F8 /* D.wav */; };
/* End PBXBuildFile section */

/* Begin PBXContainerItemProxy section */
		C766BC5D2CC86051007D50F8 /* PBXContainerItemProxy */ = {
			isa = PBXContainerItemProxy;
			containerPortal = C766BC3E2CC86050007D50F8 /* Project object */;
			proxyType = 1;
			remoteGlobalIDString = C766BC452CC86050007D50F8;
			remoteInfo = Xylophone;
		};
		C766BC672CC86051007D50F8 /* PBXContainerItemProxy */ = {
			isa = PBXContainerItemProxy;
			containerPortal = C766BC3E2CC86050007D50F8 /* Project object */;
			proxyType = 1;
			remoteGlobalIDString = C766BC452CC86050007D50F8;
			remoteInfo = Xylophone;
		};
/* End PBXContainerItemProxy section */

/* Begin PBXFileReference section */
		C766BC462CC86050007D50F8 /* Xylophone.app */ = {isa = PBXFileReference; explicitFileType = wrapper.application; includeInIndex = 0; path = Xylophone.app; sourceTree = BUILT_PRODUCTS_DIR; };
		C766BC492CC86050007D50F8 /* AppDelegate.swift */ = {isa = PBXFileReference; lastKnownFileType = sourcecode.swift; path = AppDelegate.swift; sourceTree = "<group>"; };
		C766BC4B2CC86050007D50F8 /* SceneDelegate.swift */ = {isa = PBXFileReference; lastKnownFileType = sourcecode.swift; path = SceneDelegate.swift; sourceTree = "<group>"; };
		C766BC4D2CC86050007D50F8 /* ViewController.swift */ = {isa = PBXFileReference; lastKnownFileType = sourcecode.swift; path = ViewController.swift; sourceTree = "<group>"; };
		C766BC502CC86050007D50F8 /* Base */ = {isa = PBXFileReference; lastKnownFileType = file.storyboard; name = Base; path = Base.lproj/Main.storyboard; sourceTree = "<group>"; };
		C766BC522CC86051007D50F8 /* Assets.xcassets */ = {isa = PBXFileReference; lastKnownFileType = folder.assetcatalog; path = Assets.xcassets; sourceTree = "<group>"; };
		C766BC552CC86051007D50F8 /* Base */ = {isa = PBXFileReference; lastKnownFileType = file.storyboard; name = Base; path = Base.lproj/LaunchScreen.storyboard; sourceTree = "<group>"; };
		C766BC572CC86051007D50F8 /* Info.plist */ = {isa = PBXFileReference; lastKnownFileType = text.plist.xml; path = Info.plist; sourceTree = "<group>"; };
		C766BC5C2CC86051007D50F8 /* XylophoneTests.xctest */ = {isa = PBXFileReference; explicitFileType = wrapper.cfbundle; includeInIndex = 0; path = XylophoneTests.xctest; sourceTree = BUILT_PRODUCTS_DIR; };
		C766BC602CC86051007D50F8 /* XylophoneTests.swift */ = {isa = PBXFileReference; lastKnownFileType = sourcecode.swift; path = XylophoneTests.swift; sourceTree = "<group>"; };
		C766BC662CC86051007D50F8 /* XylophoneUITests.xctest */ = {isa = PBXFileReference; explicitFileType = wrapper.cfbundle; includeInIndex = 0; path = XylophoneUITests.xctest; sourceTree = BUILT_PRODUCTS_DIR; };
		C766BC6A2CC86051007D50F8 /* XylophoneUITests.swift */ = {isa = PBXFileReference; lastKnownFileType = sourcecode.swift; path = XylophoneUITests.swift; sourceTree = "<group>"; };
		C766BC6C2CC86051007D50F8 /* XylophoneUITestsLaunchTests.swift */ = {isa = PBXFileReference; lastKnownFileType = sourcecode.swift; path = XylophoneUITestsLaunchTests.swift; sourceTree = "<group>"; };
		C766BC7A2CC868C1007D50F8 /* A.wav */ = {isa = PBXFileReference; lastKnownFileType = audio.wav; path = A.wav; sourceTree = "<group>"; };
		C766BC7B2CC868C1007D50F8 /* C.wav */ = {isa = PBXFileReference; lastKnownFileType = audio.wav; path = C.wav; sourceTree = "<group>"; };
		C766BC7C2CC868C1007D50F8 /* B.wav */ = {isa = PBXFileReference; lastKnownFileType = audio.wav; path = B.wav; sourceTree = "<group>"; };
		C766BC7D2CC868C1007D50F8 /* F.wav */ = {isa = PBXFileReference; lastKnownFileType = audio.wav; path = F.wav; sourceTree = "<group>"; };
		C766BC7E2CC868C1007D50F8 /* G.wav */ = {isa = PBXFileReference; lastKnownFileType = audio.wav; path = G.wav; sourceTree = "<group>"; };
		C766BC7F2CC868C1007D50F8 /* E.wav */ = {isa = PBXFileReference; lastKnownFileType = audio.wav; path = E.wav; sourceTree = "<group>"; };
		C766BC802CC868C1007D50F8 /* D.wav */ = {isa = PBXFileReference; lastKnownFileType = audio.wav; path = D.wav; sourceTree = "<group>"; };
/* End PBXFileReference section */

/* Begin PBXFrameworksBuildPhase section */
		C766BC432CC86050007D50F8 /* Frameworks */ = {
			isa = PBXFrameworksBuildPhase;
			buildActionMask = 2147483647;
			files = (
			);
			runOnlyForDeploymentPostprocessing = 0;
		};
		C766BC592CC86051007D50F8 /* Frameworks */ = {
			isa = PBXFrameworksBuildPhase;
			buildActionMask = 2147483647;
			files = (
			);
			runOnlyForDeploymentPostprocessing = 0;
		};
		C766BC632CC86051007D50F8 /* Frameworks */ = {
			isa = PBXFrameworksBuildPhase;
			buildActionMask = 2147483647;
			files = (
			);
			runOnlyForDeploymentPostprocessing = 0;
		};
/* End PBXFrameworksBuildPhase section */

/* Begin PBXGroup section */
		C766BC3D2CC86050007D50F8 = {
			isa = PBXGroup;
			children = (
				C766BC482CC86050007D50F8 /* Xylophone */,
				C766BC5F2CC86051007D50F8 /* XylophoneTests */,
				C766BC692CC86051007D50F8 /* XylophoneUITests */,
				C766BC472CC86050007D50F8 /* Products */,
			);
			sourceTree = "<group>";
		};
		C766BC472CC86050007D50F8 /* Products */ = {
			isa = PBXGroup;
			children = (
				C766BC462CC86050007D50F8 /* Xylophone.app */,
				C766BC5C2CC86051007D50F8 /* XylophoneTests.xctest */,
				C766BC662CC86051007D50F8 /* XylophoneUITests.xctest */,
			);
			name = Products;
			sourceTree = "<group>";
		};
		C766BC482CC86050007D50F8 /* Xylophone */ = {
			isa = PBXGroup;
			children = (
				C766BC492CC86050007D50F8 /* AppDelegate.swift */,
				C766BC792CC868C1007D50F8 /* Sounds */,
				C766BC4B2CC86050007D50F8 /* SceneDelegate.swift */,
				C766BC4D2CC86050007D50F8 /* ViewController.swift */,
				C766BC4F2CC86050007D50F8 /* Main.storyboard */,
				C766BC522CC86051007D50F8 /* Assets.xcassets */,
				C766BC542CC86051007D50F8 /* LaunchScreen.storyboard */,
				C766BC572CC86051007D50F8 /* Info.plist */,
			);
			path = Xylophone;
			sourceTree = "<group>";
		};
		C766BC5F2CC86051007D50F8 /* XylophoneTests */ = {
			isa = PBXGroup;
			children = (
				C766BC602CC86051007D50F8 /* XylophoneTests.swift */,
			);
			path = XylophoneTests;
			sourceTree = "<group>";
		};
		C766BC692CC86051007D50F8 /* XylophoneUITests */ = {
			isa = PBXGroup;
			children = (
				C766BC6A2CC86051007D50F8 /* XylophoneUITests.swift */,
				C766BC6C2CC86051007D50F8 /* XylophoneUITestsLaunchTests.swift */,
			);
			path = XylophoneUITests;
			sourceTree = "<group>";
		};
		C766BC792CC868C1007D50F8 /* Sounds */ = {
			isa = PBXGroup;
			children = (
				C766BC7A2CC868C1007D50F8 /* A.wav */,
				C766BC7B2CC868C1007D50F8 /* C.wav */,
				C766BC7C2CC868C1007D50F8 /* B.wav */,
				C766BC7D2CC868C1007D50F8 /* F.wav */,
				C766BC7E2CC868C1007D50F8 /* G.wav */,
				C766BC7F2CC868C1007D50F8 /* E.wav */,
				C766BC802CC868C1007D50F8 /* D.wav */,
			);
			path = Sounds;
			sourceTree = "<group>";
		};
/* End PBXGroup section */

/* Begin PBXNativeTarget section */
		C766BC452CC86050007D50F8 /* Xylophone */ = {
			isa = PBXNativeTarget;
			buildConfigurationList = C766BC702CC86051007D50F8 /* Build configuration list for PBXNativeTarget "Xylophone" */;
			buildPhases = (
				C766BC422CC86050007D50F8 /* Sources */,
				C766BC432CC86050007D50F8 /* Frameworks */,
				C766BC442CC86050007D50F8 /* Resources */,
			);
			buildRules = (
			);
			dependencies = (
			);
			name = Xylophone;
			productName = Xylophone;
			productReference = C766BC462CC86050007D50F8 /* Xylophone.app */;
			productType = "com.apple.product-type.application";
		};
		C766BC5B2CC86051007D50F8 /* XylophoneTests */ = {
			isa = PBXNativeTarget;
			buildConfigurationList = C766BC732CC86051007D50F8 /* Build configuration list for PBXNativeTarget "XylophoneTests" */;
			buildPhases = (
				C766BC582CC86051007D50F8 /* Sources */,
				C766BC592CC86051007D50F8 /* Frameworks */,
				C766BC5A2CC86051007D50F8 /* Resources */,
			);
			buildRules = (
			);
			dependencies = (
				C766BC5E2CC86051007D50F8 /* PBXTargetDependency */,
			);
			name = XylophoneTests;
			productName = XylophoneTests;
			productReference = C766BC5C2CC86051007D50F8 /* XylophoneTests.xctest */;
			productType = "com.apple.product-type.bundle.unit-test";
		};
		C766BC652CC86051007D50F8 /* XylophoneUITests */ = {
			isa = PBXNativeTarget;
			buildConfigurationList = C766BC762CC86051007D50F8 /* Build configuration list for PBXNativeTarget "XylophoneUITests" */;
			buildPhases = (
				C766BC622CC86051007D50F8 /* Sources */,
				C766BC632CC86051007D50F8 /* Frameworks */,
				C766BC642CC86051007D50F8 /* Resources */,
			);
			buildRules = (
			);
			dependencies = (
				C766BC682CC86051007D50F8 /* PBXTargetDependency */,
			);
			name = XylophoneUITests;
			productName = XylophoneUITests;
			productReference = C766BC662CC86051007D50F8 /* XylophoneUITests.xctest */;
			productType = "com.apple.product-type.bundle.ui-testing";
		};
/* End PBXNativeTarget section */

/* Begin PBXProject section */
		C766BC3E2CC86050007D50F8 /* Project object */ = {
			isa = PBXProject;
			attributes = {
				BuildIndependentTargetsInParallel = 1;
				LastSwiftUpdateCheck = 1520;
				LastUpgradeCheck = 1520;
				TargetAttributes = {
					C766BC452CC86050007D50F8 = {
						CreatedOnToolsVersion = 15.2;
					};
					C766BC5B2CC86051007D50F8 = {
						CreatedOnToolsVersion = 15.2;
						TestTargetID = C766BC452CC86050007D50F8;
					};
					C766BC652CC86051007D50F8 = {
						CreatedOnToolsVersion = 15.2;
						TestTargetID = C766BC452CC86050007D50F8;
					};
				};
			};
			buildConfigurationList = C766BC412CC86050007D50F8 /* Build configuration list for PBXProject "Xylophone" */;
			compatibilityVersion = "Xcode 14.0";
			developmentRegion = en;
			hasScannedForEncodings = 0;
			knownRegions = (
				en,
				Base,
			);
			mainGroup = C766BC3D2CC86050007D50F8;
			productRefGroup = C766BC472CC86050007D50F8 /* Products */;
			projectDirPath = "";
			projectRoot = "";
			targets = (
				C766BC452CC86050007D50F8 /* Xylophone */,
				C766BC5B2CC86051007D50F8 /* XylophoneTests */,
				C766BC652CC86051007D50F8 /* XylophoneUITests */,
			);
		};
/* End PBXProject section */

/* Begin PBXResourcesBuildPhase section */
		C766BC442CC86050007D50F8 /* Resources */ = {
			isa = PBXResourcesBuildPhase;
			buildActionMask = 2147483647;
			files = (
				C766BC852CC868C1007D50F8 /* G.wav in Resources */,
				C766BC562CC86051007D50F8 /* LaunchScreen.storyboard in Resources */,
				C766BC842CC868C1007D50F8 /* F.wav in Resources */,
				C766BC532CC86051007D50F8 /* Assets.xcassets in Resources */,
				C766BC812CC868C1007D50F8 /* A.wav in Resources */,
				C766BC832CC868C1007D50F8 /* B.wav in Resources */,
				C766BC862CC868C1007D50F8 /* E.wav in Resources */,
				C766BC872CC868C1007D50F8 /* D.wav in Resources */,
				C766BC512CC86050007D50F8 /* Main.storyboard in Resources */,
				C766BC822CC868C1007D50F8 /* C.wav in Resources */,
			);
			runOnlyForDeploymentPostprocessing = 0;
		};
		C766BC5A2CC86051007D50F8 /* Resources */ = {
			isa = PBXResourcesBuildPhase;
			buildActionMask = 2147483647;
			files = (
			);
			runOnlyForDeploymentPostprocessing = 0;
		};
		C766BC642CC86051007D50F8 /* Resources */ = {
			isa = PBXResourcesBuildPhase;
			buildActionMask = 2147483647;
			files = (
			);
			runOnlyForDeploymentPostprocessing = 0;
		};
/* End PBXResourcesBuildPhase section */

/* Begin PBXSourcesBuildPhase section */
		C766BC422CC86050007D50F8 /* Sources */ = {
			isa = PBXSourcesBuildPhase;
			buildActionMask = 2147483647;
			files = (
				C766BC4E2CC86050007D50F8 /* ViewController.swift in Sources */,
				C766BC4A2CC86050007D50F8 /* AppDelegate.swift in Sources */,
				C766BC4C2CC86050007D50F8 /* SceneDelegate.swift in Sources */,
			);
			runOnlyForDeploymentPostprocessing = 0;
		};
		C766BC582CC86051007D50F8 /* Sources */ = {
			isa = PBXSourcesBuildPhase;
			buildActionMask = 2147483647;
			files = (
				C766BC612CC86051007D50F8 /* XylophoneTests.swift in Sources */,
			);
			runOnlyForDeploymentPostprocessing = 0;
		};
		C766BC622CC86051007D50F8 /* Sources */ = {
			isa = PBXSourcesBuildPhase;
			buildActionMask = 2147483647;
			files = (
				C766BC6B2CC86051007D50F8 /* XylophoneUITests.swift in Sources */,
				C766BC6D2CC86051007D50F8 /* XylophoneUITestsLaunchTests.swift in Sources */,
			);
			runOnlyForDeploymentPostprocessing = 0;
		};
/* End PBXSourcesBuildPhase section */

/* Begin PBXTargetDependency section */
		C766BC5E2CC86051007D50F8 /* PBXTargetDependency */ = {
			isa = PBXTargetDependency;
			target = C766BC452CC86050007D50F8 /* Xylophone */;
			targetProxy = C766BC5D2CC86051007D50F8 /* PBXContainerItemProxy */;
		};
		C766BC682CC86051007D50F8 /* PBXTargetDependency */ = {
			isa = PBXTargetDependency;
			target = C766BC452CC86050007D50F8 /* Xylophone */;
			targetProxy = C766BC672CC86051007D50F8 /* PBXContainerItemProxy */;
		};
/* End PBXTargetDependency section */

/* Begin PBXVariantGroup section */
		C766BC4F2CC86050007D50F8 /* Main.storyboard */ = {
			isa = PBXVariantGroup;
			children = (
				C766BC502CC86050007D50F8 /* Base */,
			);
			name = Main.storyboard;
			sourceTree = "<group>";
		};
		C766BC542CC86051007D50F8 /* LaunchScreen.storyboard */ = {
			isa = PBXVariantGroup;
			children = (
				C766BC552CC86051007D50F8 /* Base */,
			);
			name = LaunchScreen.storyboard;
			sourceTree = "<group>";
		};
/* End PBXVariantGroup section */

/* Begin XCBuildConfiguration section */
		C766BC6E2CC86051007D50F8 /* Debug */ = {
			isa = XCBuildConfiguration;
			buildSettings = {
				ALWAYS_SEARCH_USER_PATHS = NO;
				ASSETCATALOG_COMPILER_GENERATE_SWIFT_ASSET_SYMBOL_EXTENSIONS = YES;
				CLANG_ANALYZER_NONNULL = YES;
				CLANG_ANALYZER_NUMBER_OBJECT_CONVERSION = YES_AGGRESSIVE;
				CLANG_CXX_LANGUAGE_STANDARD = "gnu++20";
				CLANG_ENABLE_MODULES = YES;
				CLANG_ENABLE_OBJC_ARC = YES;
				CLANG_ENABLE_OBJC_WEAK = YES;
				CLANG_WARN_BLOCK_CAPTURE_AUTORELEASING = YES;
				CLANG_WARN_BOOL_CONVERSION = YES;
				CLANG_WARN_COMMA = YES;
				CLANG_WARN_CONSTANT_CONVERSION = YES;
				CLANG_WARN_DEPRECATED_OBJC_IMPLEMENTATIONS = YES;
				CLANG_WARN_DIRECT_OBJC_ISA_USAGE = YES_ERROR;
				CLANG_WARN_DOCUMENTATION_COMMENTS = YES;
				CLANG_WARN_EMPTY_BODY = YES;
				CLANG_WARN_ENUM_CONVERSION = YES;
				CLANG_WARN_INFINITE_RECURSION = YES;
				CLANG_WARN_INT_CONVERSION = YES;
				CLANG_WARN_NON_LITERAL_NULL_CONVERSION = YES;
				CLANG_WARN_OBJC_IMPLICIT_RETAIN_SELF = YES;
				CLANG_WARN_OBJC_LITERAL_CONVERSION = YES;
				CLANG_WARN_OBJC_ROOT_CLASS = YES_ERROR;
				CLANG_WARN_QUOTED_INCLUDE_IN_FRAMEWORK_HEADER = YES;
				CLANG_WARN_RANGE_LOOP_ANALYSIS = YES;
				CLANG_WARN_STRICT_PROTOTYPES = YES;
				CLANG_WARN_SUSPICIOUS_MOVE = YES;
				CLANG_WARN_UNGUARDED_AVAILABILITY = YES_AGGRESSIVE;
				CLANG_WARN_UNREACHABLE_CODE = YES;
				CLANG_WARN__DUPLICATE_METHOD_MATCH = YES;
				COPY_PHASE_STRIP = NO;
				DEBUG_INFORMATION_FORMAT = dwarf;
				ENABLE_STRICT_OBJC_MSGSEND = YES;
				ENABLE_TESTABILITY = YES;
				ENABLE_USER_SCRIPT_SANDBOXING = YES;
				GCC_C_LANGUAGE_STANDARD = gnu17;
				GCC_DYNAMIC_NO_PIC = NO;
				GCC_NO_COMMON_BLOCKS = YES;
				GCC_OPTIMIZATION_LEVEL = 0;
				GCC_PREPROCESSOR_DEFINITIONS = (
					"DEBUG=1",
					"$(inherited)",
				);
				GCC_WARN_64_TO_32_BIT_CONVERSION = YES;
				GCC_WARN_ABOUT_RETURN_TYPE = YES_ERROR;
				GCC_WARN_UNDECLARED_SELECTOR = YES;
				GCC_WARN_UNINITIALIZED_AUTOS = YES_AGGRESSIVE;
				GCC_WARN_UNUSED_FUNCTION = YES;
				GCC_WARN_UNUSED_VARIABLE = YES;
				IPHONEOS_DEPLOYMENT_TARGET = 17.2;
				LOCALIZATION_PREFERS_STRING_CATALOGS = YES;
				MTL_ENABLE_DEBUG_INFO = INCLUDE_SOURCE;
				MTL_FAST_MATH = YES;
				ONLY_ACTIVE_ARCH = YES;
				SDKROOT = iphoneos;
				SWIFT_ACTIVE_COMPILATION_CONDITIONS = "DEBUG $(inherited)";
				SWIFT_OPTIMIZATION_LEVEL = "-Onone";
			};
			name = Debug;
		};
		C766BC6F2CC86051007D50F8 /* Release */ = {
			isa = XCBuildConfiguration;
			buildSettings = {
				ALWAYS_SEARCH_USER_PATHS = NO;
				ASSETCATALOG_COMPILER_GENERATE_SWIFT_ASSET_SYMBOL_EXTENSIONS = YES;
				CLANG_ANALYZER_NONNULL = YES;
				CLANG_ANALYZER_NUMBER_OBJECT_CONVERSION = YES_AGGRESSIVE;
				CLANG_CXX_LANGUAGE_STANDARD = "gnu++20";
				CLANG_ENABLE_MODULES = YES;
				CLANG_ENABLE_OBJC_ARC = YES;
				CLANG_ENABLE_OBJC_WEAK = YES;
				CLANG_WARN_BLOCK_CAPTURE_AUTORELEASING = YES;
				CLANG_WARN_BOOL_CONVERSION = YES;
				CLANG_WARN_COMMA = YES;
				CLANG_WARN_CONSTANT_CONVERSION = YES;
				CLANG_WARN_DEPRECATED_OBJC_IMPLEMENTATIONS = YES;
				CLANG_WARN_DIRECT_OBJC_ISA_USAGE = YES_ERROR;
				CLANG_WARN_DOCUMENTATION_COMMENTS = YES;
				CLANG_WARN_EMPTY_BODY = YES;
				CLANG_WARN_ENUM_CONVERSION = YES;
				CLANG_WARN_INFINITE_RECURSION = YES;
				CLANG_WARN_INT_CONVERSION = YES;
				CLANG_WARN_NON_LITERAL_NULL_CONVERSION = YES;
				CLANG_WARN_OBJC_IMPLICIT_RETAIN_SELF = YES;
				CLANG_WARN_OBJC_LITERAL_CONVERSION = YES;
				CLANG_WARN_OBJC_ROOT_CLASS = YES_ERROR;
				CLANG_WARN_QUOTED_INCLUDE_IN_FRAMEWORK_HEADER = YES;
				CLANG_WARN_RANGE_LOOP_ANALYSIS = YES;
				CLANG_WARN_STRICT_PROTOTYPES = YES;
				CLANG_WARN_SUSPICIOUS_MOVE = YES;
				CLANG_WARN_UNGUARDED_AVAILABILITY = YES_AGGRESSIVE;
				CLANG_WARN_UNREACHABLE_CODE = YES;
				CLANG_WARN__DUPLICATE_METHOD_MATCH = YES;
				COPY_PHASE_STRIP = NO;
				DEBUG_INFORMATION_FORMAT = "dwarf-with-dsym";
				ENABLE_NS_ASSERTIONS = NO;
				ENABLE_STRICT_OBJC_MSGSEND = YES;
				ENABLE_USER_SCRIPT_SANDBOXING = YES;
				GCC_C_LANGUAGE_STANDARD = gnu17;
				GCC_NO_COMMON_BLOCKS = YES;
				GCC_WARN_64_TO_32_BIT_CONVERSION = YES;
				GCC_WARN_ABOUT_RETURN_TYPE = YES_ERROR;
				GCC_WARN_UNDECLARED_SELECTOR = YES;
				GCC_WARN_UNINITIALIZED_AUTOS = YES_AGGRESSIVE;
				GCC_WARN_UNUSED_FUNCTION = YES;
				GCC_WARN_UNUSED_VARIABLE = YES;
				IPHONEOS_DEPLOYMENT_TARGET = 17.2;
				LOCALIZATION_PREFERS_STRING_CATALOGS = YES;
				MTL_ENABLE_DEBUG_INFO = NO;
				MTL_FAST_MATH = YES;
				SDKROOT = iphoneos;
				SWIFT_COMPILATION_MODE = wholemodule;
				VALIDATE_PRODUCT = YES;
			};
			name = Release;
		};
		C766BC712CC86051007D50F8 /* Debug */ = {
			isa = XCBuildConfiguration;
			buildSettings = {
				ASSETCATALOG_COMPILER_APPICON_NAME = AppIcon;
				ASSETCATALOG_COMPILER_GLOBAL_ACCENT_COLOR_NAME = AccentColor;
				CODE_SIGN_STYLE = Automatic;
				CURRENT_PROJECT_VERSION = 1;
				GENERATE_INFOPLIST_FILE = YES;
				INFOPLIST_FILE = Xylophone/Info.plist;
				INFOPLIST_KEY_UIApplicationSupportsIndirectInputEvents = YES;
				INFOPLIST_KEY_UILaunchStoryboardName = LaunchScreen;
				INFOPLIST_KEY_UIMainStoryboardFile = Main;
				INFOPLIST_KEY_UISupportedInterfaceOrientations_iPad = "UIInterfaceOrientationPortrait UIInterfaceOrientationPortraitUpsideDown UIInterfaceOrientationLandscapeLeft UIInterfaceOrientationLandscapeRight";
				INFOPLIST_KEY_UISupportedInterfaceOrientations_iPhone = "UIInterfaceOrientationPortrait UIInterfaceOrientationLandscapeLeft UIInterfaceOrientationLandscapeRight";
				LD_RUNPATH_SEARCH_PATHS = (
					"$(inherited)",
					"@executable_path/Frameworks",
				);
				MARKETING_VERSION = 1.0;
				PRODUCT_BUNDLE_IDENTIFIER = Assignment5.Xylophone;
				PRODUCT_NAME = "$(TARGET_NAME)";
				SWIFT_EMIT_LOC_STRINGS = YES;
				SWIFT_VERSION = 5.0;
				TARGETED_DEVICE_FAMILY = "1,2";
			};
			name = Debug;
		};
		C766BC722CC86051007D50F8 /* Release */ = {
			isa = XCBuildConfiguration;
			buildSettings = {
				ASSETCATALOG_COMPILER_APPICON_NAME = AppIcon;
				ASSETCATALOG_COMPILER_GLOBAL_ACCENT_COLOR_NAME = AccentColor;
				CODE_SIGN_STYLE = Automatic;
				CURRENT_PROJECT_VERSION = 1;
				GENERATE_INFOPLIST_FILE = YES;
				INFOPLIST_FILE = Xylophone/Info.plist;
				INFOPLIST_KEY_UIApplicationSupportsIndirectInputEvents = YES;
				INFOPLIST_KEY_UILaunchStoryboardName = LaunchScreen;
				INFOPLIST_KEY_UIMainStoryboardFile = Main;
				INFOPLIST_KEY_UISupportedInterfaceOrientations_iPad = "UIInterfaceOrientationPortrait UIInterfaceOrientationPortraitUpsideDown UIInterfaceOrientationLandscapeLeft UIInterfaceOrientationLandscapeRight";
				INFOPLIST_KEY_UISupportedInterfaceOrientations_iPhone = "UIInterfaceOrientationPortrait UIInterfaceOrientationLandscapeLeft UIInterfaceOrientationLandscapeRight";
				LD_RUNPATH_SEARCH_PATHS = (
					"$(inherited)",
					"@executable_path/Frameworks",
				);
				MARKETING_VERSION = 1.0;
				PRODUCT_BUNDLE_IDENTIFIER = Assignment5.Xylophone;
				PRODUCT_NAME = "$(TARGET_NAME)";
				SWIFT_EMIT_LOC_STRINGS = YES;
				SWIFT_VERSION = 5.0;
				TARGETED_DEVICE_FAMILY = "1,2";
			};
			name = Release;
		};
		C766BC742CC86051007D50F8 /* Debug */ = {
			isa = XCBuildConfiguration;
			buildSettings = {
				ALWAYS_EMBED_SWIFT_STANDARD_LIBRARIES = YES;
				BUNDLE_LOADER = "$(TEST_HOST)";
				CODE_SIGN_STYLE = Automatic;
				CURRENT_PROJECT_VERSION = 1;
				GENERATE_INFOPLIST_FILE = YES;
				IPHONEOS_DEPLOYMENT_TARGET = 17.2;
				MARKETING_VERSION = 1.0;
				PRODUCT_BUNDLE_IDENTIFIER = Assignment5.XylophoneTests;
				PRODUCT_NAME = "$(TARGET_NAME)";
				SWIFT_EMIT_LOC_STRINGS = NO;
				SWIFT_VERSION = 5.0;
				TARGETED_DEVICE_FAMILY = "1,2";
				TEST_HOST = "$(BUILT_PRODUCTS_DIR)/Xylophone.app/$(BUNDLE_EXECUTABLE_FOLDER_PATH)/Xylophone";
			};
			name = Debug;
		};
		C766BC752CC86051007D50F8 /* Release */ = {
			isa = XCBuildConfiguration;
			buildSettings = {
				ALWAYS_EMBED_SWIFT_STANDARD_LIBRARIES = YES;
				BUNDLE_LOADER = "$(TEST_HOST)";
				CODE_SIGN_STYLE = Automatic;
				CURRENT_PROJECT_VERSION = 1;
				GENERATE_INFOPLIST_FILE = YES;
				IPHONEOS_DEPLOYMENT_TARGET = 17.2;
				MARKETING_VERSION = 1.0;
				PRODUCT_BUNDLE_IDENTIFIER = Assignment5.XylophoneTests;
				PRODUCT_NAME = "$(TARGET_NAME)";
				SWIFT_EMIT_LOC_STRINGS = NO;
				SWIFT_VERSION = 5.0;
				TARGETED_DEVICE_FAMILY = "1,2";
				TEST_HOST = "$(BUILT_PRODUCTS_DIR)/Xylophone.app/$(BUNDLE_EXECUTABLE_FOLDER_PATH)/Xylophone";
			};
			name = Release;
		};
		C766BC772CC86051007D50F8 /* Debug */ = {
			isa = XCBuildConfiguration;
			buildSettings = {
				ALWAYS_EMBED_SWIFT_STANDARD_LIBRARIES = YES;
				CODE_SIGN_STYLE = Automatic;
				CURRENT_PROJECT_VERSION = 1;
				GENERATE_INFOPLIST_FILE = YES;
				MARKETING_VERSION = 1.0;
				PRODUCT_BUNDLE_IDENTIFIER = Assignment5.XylophoneUITests;
				PRODUCT_NAME = "$(TARGET_NAME)";
				SWIFT_EMIT_LOC_STRINGS = NO;
				SWIFT_VERSION = 5.0;
				TARGETED_DEVICE_FAMILY = "1,2";
				TEST_TARGET_NAME = Xylophone;
			};
			name = Debug;
		};
		C766BC782CC86051007D50F8 /* Release */ = {
			isa = XCBuildConfiguration;
			buildSettings = {
				ALWAYS_EMBED_SWIFT_STANDARD_LIBRARIES = YES;
				CODE_SIGN_STYLE = Automatic;
				CURRENT_PROJECT_VERSION = 1;
				GENERATE_INFOPLIST_FILE = YES;
				MARKETING_VERSION = 1.0;
				PRODUCT_BUNDLE_IDENTIFIER = Assignment5.XylophoneUITests;
				PRODUCT_NAME = "$(TARGET_NAME)";
				SWIFT_EMIT_LOC_STRINGS = NO;
				SWIFT_VERSION = 5.0;
				TARGETED_DEVICE_FAMILY = "1,2";
				TEST_TARGET_NAME = Xylophone;
			};
			name = Release;
		};
/* End XCBuildConfiguration section */

/* Begin XCConfigurationList section */
		C766BC412CC86050007D50F8 /* Build configuration list for PBXProject "Xylophone" */ = {
			isa = XCConfigurationList;
			buildConfigurations = (
				C766BC6E2CC86051007D50F8 /* Debug */,
				C766BC6F2CC86051007D50F8 /* Release */,
			);
			defaultConfigurationIsVisible = 0;
			defaultConfigurationName = Release;
		};
		C766BC702CC86051007D50F8 /* Build configuration list for PBXNativeTarget "Xylophone" */ = {
			isa = XCConfigurationList;
			buildConfigurations = (
				C766BC712CC86051007D50F8 /* Debug */,
				C766BC722CC86051007D50F8 /* Release */,
			);
			defaultConfigurationIsVisible = 0;
			defaultConfigurationName = Release;
		};
		C766BC732CC86051007D50F8 /* Build configuration list for PBXNativeTarget "XylophoneTests" */ = {
			isa = XCConfigurationList;
			buildConfigurations = (
				C766BC742CC86051007D50F8 /* Debug */,
				C766BC752CC86051007D50F8 /* Release */,
			);
			defaultConfigurationIsVisible = 0;
			defaultConfigurationName = Release;
		};
		C766BC762CC86051007D50F8 /* Build configuration list for PBXNativeTarget "XylophoneUITests" */ = {
			isa = XCConfigurationList;
			buildConfigurations = (
				C766BC772CC86051007D50F8 /* Debug */,
				C766BC782CC86051007D50F8 /* Release */,
			);
			defaultConfigurationIsVisible = 0;
			defaultConfigurationName = Release;
		};
/* End XCConfigurationList section */
	};
	rootObject = C766BC3E2CC86050007D50F8 /* Project object */;
}
