// !$*UTF8*$!
{
	archiveVersion = 1;
	classes = {
	};
	objectVersion = 56;
	objects = {

/* Begin PBXBuildFile section */
		C767038B2CE70E1C008A9A24 /* AppDelegate.swift in Sources */ = {isa = PBXBuildFile; fileRef = C767038A2CE70E1C008A9A24 /* AppDelegate.swift */; };
		C767038D2CE70E1C008A9A24 /* SceneDelegate.swift in Sources */ = {isa = PBXBuildFile; fileRef = C767038C2CE70E1C008A9A24 /* SceneDelegate.swift */; };
		C767038F2CE70E1C008A9A24 /* ViewController.swift in Sources */ = {isa = PBXBuildFile; fileRef = C767038E2CE70E1C008A9A24 /* ViewController.swift */; };
		C76703922CE70E1C008A9A24 /* Main.storyboard in Resources */ = {isa = PBXBuildFile; fileRef = C76703902CE70E1C008A9A24 /* Main.storyboard */; };
		C76703942CE70E1C008A9A24 /* Assets.xcassets in Resources */ = {isa = PBXBuildFile; fileRef = C76703932CE70E1C008A9A24 /* Assets.xcassets */; };
		C76703972CE70E1C008A9A24 /* LaunchScreen.storyboard in Resources */ = {isa = PBXBuildFile; fileRef = C76703952CE70E1C008A9A24 /* LaunchScreen.storyboard */; };
		C76703A22CE70E1D008A9A24 /* Assign8Tests.swift in Sources */ = {isa = PBXBuildFile; fileRef = C76703A12CE70E1D008A9A24 /* Assign8Tests.swift */; };
		C76703AC2CE70E1D008A9A24 /* Assign8UITests.swift in Sources */ = {isa = PBXBuildFile; fileRef = C76703AB2CE70E1D008A9A24 /* Assign8UITests.swift */; };
		C76703AE2CE70E1D008A9A24 /* Assign8UITestsLaunchTests.swift in Sources */ = {isa = PBXBuildFile; fileRef = C76703AD2CE70E1D008A9A24 /* Assign8UITestsLaunchTests.swift */; };
/* End PBXBuildFile section */

/* Begin PBXContainerItemProxy section */
		C767039E2CE70E1D008A9A24 /* PBXContainerItemProxy */ = {
			isa = PBXContainerItemProxy;
			containerPortal = C767037F2CE70E1C008A9A24 /* Project object */;
			proxyType = 1;
			remoteGlobalIDString = C76703862CE70E1C008A9A24;
			remoteInfo = Assign8;
		};
		C76703A82CE70E1D008A9A24 /* PBXContainerItemProxy */ = {
			isa = PBXContainerItemProxy;
			containerPortal = C767037F2CE70E1C008A9A24 /* Project object */;
			proxyType = 1;
			remoteGlobalIDString = C76703862CE70E1C008A9A24;
			remoteInfo = Assign8;
		};
/* End PBXContainerItemProxy section */

/* Begin PBXFileReference section */
		C76703872CE70E1C008A9A24 /* Assign8.app */ = {isa = PBXFileReference; explicitFileType = wrapper.application; includeInIndex = 0; path = Assign8.app; sourceTree = BUILT_PRODUCTS_DIR; };
		C767038A2CE70E1C008A9A24 /* AppDelegate.swift */ = {isa = PBXFileReference; lastKnownFileType = sourcecode.swift; path = AppDelegate.swift; sourceTree = "<group>"; };
		C767038C2CE70E1C008A9A24 /* SceneDelegate.swift */ = {isa = PBXFileReference; lastKnownFileType = sourcecode.swift; path = SceneDelegate.swift; sourceTree = "<group>"; };
		C767038E2CE70E1C008A9A24 /* ViewController.swift */ = {isa = PBXFileReference; lastKnownFileType = sourcecode.swift; path = ViewController.swift; sourceTree = "<group>"; };
		C76703912CE70E1C008A9A24 /* Base */ = {isa = PBXFileReference; lastKnownFileType = file.storyboard; name = Base; path = Base.lproj/Main.storyboard; sourceTree = "<group>"; };
		C76703932CE70E1C008A9A24 /* Assets.xcassets */ = {isa = PBXFileReference; lastKnownFileType = folder.assetcatalog; path = Assets.xcassets; sourceTree = "<group>"; };
		C76703962CE70E1C008A9A24 /* Base */ = {isa = PBXFileReference; lastKnownFileType = file.storyboard; name = Base; path = Base.lproj/LaunchScreen.storyboard; sourceTree = "<group>"; };
		C76703982CE70E1C008A9A24 /* Info.plist */ = {isa = PBXFileReference; lastKnownFileType = text.plist.xml; path = Info.plist; sourceTree = "<group>"; };
		C767039D2CE70E1D008A9A24 /* Assign8Tests.xctest */ = {isa = PBXFileReference; explicitFileType = wrapper.cfbundle; includeInIndex = 0; path = Assign8Tests.xctest; sourceTree = BUILT_PRODUCTS_DIR; };
		C76703A12CE70E1D008A9A24 /* Assign8Tests.swift */ = {isa = PBXFileReference; lastKnownFileType = sourcecode.swift; path = Assign8Tests.swift; sourceTree = "<group>"; };
		C76703A72CE70E1D008A9A24 /* Assign8UITests.xctest */ = {isa = PBXFileReference; explicitFileType = wrapper.cfbundle; includeInIndex = 0; path = Assign8UITests.xctest; sourceTree = BUILT_PRODUCTS_DIR; };
		C76703AB2CE70E1D008A9A24 /* Assign8UITests.swift */ = {isa = PBXFileReference; lastKnownFileType = sourcecode.swift; path = Assign8UITests.swift; sourceTree = "<group>"; };
		C76703AD2CE70E1D008A9A24 /* Assign8UITestsLaunchTests.swift */ = {isa = PBXFileReference; lastKnownFileType = sourcecode.swift; path = Assign8UITestsLaunchTests.swift; sourceTree = "<group>"; };
/* End PBXFileReference section */

/* Begin PBXFrameworksBuildPhase section */
		C76703842CE70E1C008A9A24 /* Frameworks */ = {
			isa = PBXFrameworksBuildPhase;
			buildActionMask = 2147483647;
			files = (
			);
			runOnlyForDeploymentPostprocessing = 0;
		};
		C767039A2CE70E1D008A9A24 /* Frameworks */ = {
			isa = PBXFrameworksBuildPhase;
			buildActionMask = 2147483647;
			files = (
			);
			runOnlyForDeploymentPostprocessing = 0;
		};
		C76703A42CE70E1D008A9A24 /* Frameworks */ = {
			isa = PBXFrameworksBuildPhase;
			buildActionMask = 2147483647;
			files = (
			);
			runOnlyForDeploymentPostprocessing = 0;
		};
/* End PBXFrameworksBuildPhase section */

/* Begin PBXGroup section */
		C767037E2CE70E1C008A9A24 = {
			isa = PBXGroup;
			children = (
				C76703892CE70E1C008A9A24 /* Assign8 */,
				C76703A02CE70E1D008A9A24 /* Assign8Tests */,
				C76703AA2CE70E1D008A9A24 /* Assign8UITests */,
				C76703882CE70E1C008A9A24 /* Products */,
			);
			sourceTree = "<group>";
		};
		C76703882CE70E1C008A9A24 /* Products */ = {
			isa = PBXGroup;
			children = (
				C76703872CE70E1C008A9A24 /* Assign8.app */,
				C767039D2CE70E1D008A9A24 /* Assign8Tests.xctest */,
				C76703A72CE70E1D008A9A24 /* Assign8UITests.xctest */,
			);
			name = Products;
			sourceTree = "<group>";
		};
		C76703892CE70E1C008A9A24 /* Assign8 */ = {
			isa = PBXGroup;
			children = (
				C767038A2CE70E1C008A9A24 /* AppDelegate.swift */,
				C767038C2CE70E1C008A9A24 /* SceneDelegate.swift */,
				C767038E2CE70E1C008A9A24 /* ViewController.swift */,
				C76703902CE70E1C008A9A24 /* Main.storyboard */,
				C76703932CE70E1C008A9A24 /* Assets.xcassets */,
				C76703952CE70E1C008A9A24 /* LaunchScreen.storyboard */,
				C76703982CE70E1C008A9A24 /* Info.plist */,
			);
			path = Assign8;
			sourceTree = "<group>";
		};
		C76703A02CE70E1D008A9A24 /* Assign8Tests */ = {
			isa = PBXGroup;
			children = (
				C76703A12CE70E1D008A9A24 /* Assign8Tests.swift */,
			);
			path = Assign8Tests;
			sourceTree = "<group>";
		};
		C76703AA2CE70E1D008A9A24 /* Assign8UITests */ = {
			isa = PBXGroup;
			children = (
				C76703AB2CE70E1D008A9A24 /* Assign8UITests.swift */,
				C76703AD2CE70E1D008A9A24 /* Assign8UITestsLaunchTests.swift */,
			);
			path = Assign8UITests;
			sourceTree = "<group>";
		};
/* End PBXGroup section */

/* Begin PBXNativeTarget section */
		C76703862CE70E1C008A9A24 /* Assign8 */ = {
			isa = PBXNativeTarget;
			buildConfigurationList = C76703B12CE70E1D008A9A24 /* Build configuration list for PBXNativeTarget "Assign8" */;
			buildPhases = (
				C76703832CE70E1C008A9A24 /* Sources */,
				C76703842CE70E1C008A9A24 /* Frameworks */,
				C76703852CE70E1C008A9A24 /* Resources */,
			);
			buildRules = (
			);
			dependencies = (
			);
			name = Assign8;
			productName = Assign8;
			productReference = C76703872CE70E1C008A9A24 /* Assign8.app */;
			productType = "com.apple.product-type.application";
		};
		C767039C2CE70E1D008A9A24 /* Assign8Tests */ = {
			isa = PBXNativeTarget;
			buildConfigurationList = C76703B42CE70E1D008A9A24 /* Build configuration list for PBXNativeTarget "Assign8Tests" */;
			buildPhases = (
				C76703992CE70E1D008A9A24 /* Sources */,
				C767039A2CE70E1D008A9A24 /* Frameworks */,
				C767039B2CE70E1D008A9A24 /* Resources */,
			);
			buildRules = (
			);
			dependencies = (
				C767039F2CE70E1D008A9A24 /* PBXTargetDependency */,
			);
			name = Assign8Tests;
			productName = Assign8Tests;
			productReference = C767039D2CE70E1D008A9A24 /* Assign8Tests.xctest */;
			productType = "com.apple.product-type.bundle.unit-test";
		};
		C76703A62CE70E1D008A9A24 /* Assign8UITests */ = {
			isa = PBXNativeTarget;
			buildConfigurationList = C76703B72CE70E1D008A9A24 /* Build configuration list for PBXNativeTarget "Assign8UITests" */;
			buildPhases = (
				C76703A32CE70E1D008A9A24 /* Sources */,
				C76703A42CE70E1D008A9A24 /* Frameworks */,
				C76703A52CE70E1D008A9A24 /* Resources */,
			);
			buildRules = (
			);
			dependencies = (
				C76703A92CE70E1D008A9A24 /* PBXTargetDependency */,
			);
			name = Assign8UITests;
			productName = Assign8UITests;
			productReference = C76703A72CE70E1D008A9A24 /* Assign8UITests.xctest */;
			productType = "com.apple.product-type.bundle.ui-testing";
		};
/* End PBXNativeTarget section */

/* Begin PBXProject section */
		C767037F2CE70E1C008A9A24 /* Project object */ = {
			isa = PBXProject;
			attributes = {
				BuildIndependentTargetsInParallel = 1;
				LastSwiftUpdateCheck = 1520;
				LastUpgradeCheck = 1520;
				TargetAttributes = {
					C76703862CE70E1C008A9A24 = {
						CreatedOnToolsVersion = 15.2;
					};
					C767039C2CE70E1D008A9A24 = {
						CreatedOnToolsVersion = 15.2;
						TestTargetID = C76703862CE70E1C008A9A24;
					};
					C76703A62CE70E1D008A9A24 = {
						CreatedOnToolsVersion = 15.2;
						TestTargetID = C76703862CE70E1C008A9A24;
					};
				};
			};
			buildConfigurationList = C76703822CE70E1C008A9A24 /* Build configuration list for PBXProject "Assign8" */;
			compatibilityVersion = "Xcode 14.0";
			developmentRegion = en;
			hasScannedForEncodings = 0;
			knownRegions = (
				en,
				Base,
			);
			mainGroup = C767037E2CE70E1C008A9A24;
			productRefGroup = C76703882CE70E1C008A9A24 /* Products */;
			projectDirPath = "";
			projectRoot = "";
			targets = (
				C76703862CE70E1C008A9A24 /* Assign8 */,
				C767039C2CE70E1D008A9A24 /* Assign8Tests */,
				C76703A62CE70E1D008A9A24 /* Assign8UITests */,
			);
		};
/* End PBXProject section */

/* Begin PBXResourcesBuildPhase section */
		C76703852CE70E1C008A9A24 /* Resources */ = {
			isa = PBXResourcesBuildPhase;
			buildActionMask = 2147483647;
			files = (
				C76703972CE70E1C008A9A24 /* LaunchScreen.storyboard in Resources */,
				C76703942CE70E1C008A9A24 /* Assets.xcassets in Resources */,
				C76703922CE70E1C008A9A24 /* Main.storyboard in Resources */,
			);
			runOnlyForDeploymentPostprocessing = 0;
		};
		C767039B2CE70E1D008A9A24 /* Resources */ = {
			isa = PBXResourcesBuildPhase;
			buildActionMask = 2147483647;
			files = (
			);
			runOnlyForDeploymentPostprocessing = 0;
		};
		C76703A52CE70E1D008A9A24 /* Resources */ = {
			isa = PBXResourcesBuildPhase;
			buildActionMask = 2147483647;
			files = (
			);
			runOnlyForDeploymentPostprocessing = 0;
		};
/* End PBXResourcesBuildPhase section */

/* Begin PBXSourcesBuildPhase section */
		C76703832CE70E1C008A9A24 /* Sources */ = {
			isa = PBXSourcesBuildPhase;
			buildActionMask = 2147483647;
			files = (
				C767038F2CE70E1C008A9A24 /* ViewController.swift in Sources */,
				C767038B2CE70E1C008A9A24 /* AppDelegate.swift in Sources */,
				C767038D2CE70E1C008A9A24 /* SceneDelegate.swift in Sources */,
			);
			runOnlyForDeploymentPostprocessing = 0;
		};
		C76703992CE70E1D008A9A24 /* Sources */ = {
			isa = PBXSourcesBuildPhase;
			buildActionMask = 2147483647;
			files = (
				C76703A22CE70E1D008A9A24 /* Assign8Tests.swift in Sources */,
			);
			runOnlyForDeploymentPostprocessing = 0;
		};
		C76703A32CE70E1D008A9A24 /* Sources */ = {
			isa = PBXSourcesBuildPhase;
			buildActionMask = 2147483647;
			files = (
				C76703AE2CE70E1D008A9A24 /* Assign8UITestsLaunchTests.swift in Sources */,
				C76703AC2CE70E1D008A9A24 /* Assign8UITests.swift in Sources */,
			);
			runOnlyForDeploymentPostprocessing = 0;
		};
/* End PBXSourcesBuildPhase section */

/* Begin PBXTargetDependency section */
		C767039F2CE70E1D008A9A24 /* PBXTargetDependency */ = {
			isa = PBXTargetDependency;
			target = C76703862CE70E1C008A9A24 /* Assign8 */;
			targetProxy = C767039E2CE70E1D008A9A24 /* PBXContainerItemProxy */;
		};
		C76703A92CE70E1D008A9A24 /* PBXTargetDependency */ = {
			isa = PBXTargetDependency;
			target = C76703862CE70E1C008A9A24 /* Assign8 */;
			targetProxy = C76703A82CE70E1D008A9A24 /* PBXContainerItemProxy */;
		};
/* End PBXTargetDependency section */

/* Begin PBXVariantGroup section */
		C76703902CE70E1C008A9A24 /* Main.storyboard */ = {
			isa = PBXVariantGroup;
			children = (
				C76703912CE70E1C008A9A24 /* Base */,
			);
			name = Main.storyboard;
			sourceTree = "<group>";
		};
		C76703952CE70E1C008A9A24 /* LaunchScreen.storyboard */ = {
			isa = PBXVariantGroup;
			children = (
				C76703962CE70E1C008A9A24 /* Base */,
			);
			name = LaunchScreen.storyboard;
			sourceTree = "<group>";
		};
/* End PBXVariantGroup section */

/* Begin XCBuildConfiguration section */
		C76703AF2CE70E1D008A9A24 /* Debug */ = {
			isa = XCBuildConfiguration;
			buildSettings = {
				ALWAYS_SEARCH_USER_PATHS = NO;
				ASSETCATALOG_COMPILER_GENERATE_SWIFT_ASSET_SYMBOL_EXTENSIONS = YES;
				CLANG_ANALYZER_NONNULL = YES;
				CLANG_ANALYZER_NUMBER_OBJECT_CONVERSION = YES_AGGRESSIVE;
				CLANG_CXX_LANGUAGE_STANDARD = "gnu++20";
				CLANG_ENABLE_MODULES = YES;
				CLANG_ENABLE_OBJC_ARC = YES;
				CLANG_ENABLE_OBJC_WEAK = YES;
				CLANG_WARN_BLOCK_CAPTURE_AUTORELEASING = YES;
				CLANG_WARN_BOOL_CONVERSION = YES;
				CLANG_WARN_COMMA = YES;
				CLANG_WARN_CONSTANT_CONVERSION = YES;
				CLANG_WARN_DEPRECATED_OBJC_IMPLEMENTATIONS = YES;
				CLANG_WARN_DIRECT_OBJC_ISA_USAGE = YES_ERROR;
				CLANG_WARN_DOCUMENTATION_COMMENTS = YES;
				CLANG_WARN_EMPTY_BODY = YES;
				CLANG_WARN_ENUM_CONVERSION = YES;
				CLANG_WARN_INFINITE_RECURSION = YES;
				CLANG_WARN_INT_CONVERSION = YES;
				CLANG_WARN_NON_LITERAL_NULL_CONVERSION = YES;
				CLANG_WARN_OBJC_IMPLICIT_RETAIN_SELF = YES;
				CLANG_WARN_OBJC_LITERAL_CONVERSION = YES;
				CLANG_WARN_OBJC_ROOT_CLASS = YES_ERROR;
				CLANG_WARN_QUOTED_INCLUDE_IN_FRAMEWORK_HEADER = YES;
				CLANG_WARN_RANGE_LOOP_ANALYSIS = YES;
				CLANG_WARN_STRICT_PROTOTYPES = YES;
				CLANG_WARN_SUSPICIOUS_MOVE = YES;
				CLANG_WARN_UNGUARDED_AVAILABILITY = YES_AGGRESSIVE;
				CLANG_WARN_UNREACHABLE_CODE = YES;
				CLANG_WARN__DUPLICATE_METHOD_MATCH = YES;
				COPY_PHASE_STRIP = NO;
				DEBUG_INFORMATION_FORMAT = dwarf;
				ENABLE_STRICT_OBJC_MSGSEND = YES;
				ENABLE_TESTABILITY = YES;
				ENABLE_USER_SCRIPT_SANDBOXING = YES;
				GCC_C_LANGUAGE_STANDARD = gnu17;
				GCC_DYNAMIC_NO_PIC = NO;
				GCC_NO_COMMON_BLOCKS = YES;
				GCC_OPTIMIZATION_LEVEL = 0;
				GCC_PREPROCESSOR_DEFINITIONS = (
					"DEBUG=1",
					"$(inherited)",
				);
				GCC_WARN_64_TO_32_BIT_CONVERSION = YES;
				GCC_WARN_ABOUT_RETURN_TYPE = YES_ERROR;
				GCC_WARN_UNDECLARED_SELECTOR = YES;
				GCC_WARN_UNINITIALIZED_AUTOS = YES_AGGRESSIVE;
				GCC_WARN_UNUSED_FUNCTION = YES;
				GCC_WARN_UNUSED_VARIABLE = YES;
				IPHONEOS_DEPLOYMENT_TARGET = 17.2;
				LOCALIZATION_PREFERS_STRING_CATALOGS = YES;
				MTL_ENABLE_DEBUG_INFO = INCLUDE_SOURCE;
				MTL_FAST_MATH = YES;
				ONLY_ACTIVE_ARCH = YES;
				SDKROOT = iphoneos;
				SWIFT_ACTIVE_COMPILATION_CONDITIONS = "DEBUG $(inherited)";
				SWIFT_OPTIMIZATION_LEVEL = "-Onone";
			};
			name = Debug;
		};
		C76703B02CE70E1D008A9A24 /* Release */ = {
			isa = XCBuildConfiguration;
			buildSettings = {
				ALWAYS_SEARCH_USER_PATHS = NO;
				ASSETCATALOG_COMPILER_GENERATE_SWIFT_ASSET_SYMBOL_EXTENSIONS = YES;
				CLANG_ANALYZER_NONNULL = YES;
				CLANG_ANALYZER_NUMBER_OBJECT_CONVERSION = YES_AGGRESSIVE;
				CLANG_CXX_LANGUAGE_STANDARD = "gnu++20";
				CLANG_ENABLE_MODULES = YES;
				CLANG_ENABLE_OBJC_ARC = YES;
				CLANG_ENABLE_OBJC_WEAK = YES;
				CLANG_WARN_BLOCK_CAPTURE_AUTORELEASING = YES;
				CLANG_WARN_BOOL_CONVERSION = YES;
				CLANG_WARN_COMMA = YES;
				CLANG_WARN_CONSTANT_CONVERSION = YES;
				CLANG_WARN_DEPRECATED_OBJC_IMPLEMENTATIONS = YES;
				CLANG_WARN_DIRECT_OBJC_ISA_USAGE = YES_ERROR;
				CLANG_WARN_DOCUMENTATION_COMMENTS = YES;
				CLANG_WARN_EMPTY_BODY = YES;
				CLANG_WARN_ENUM_CONVERSION = YES;
				CLANG_WARN_INFINITE_RECURSION = YES;
				CLANG_WARN_INT_CONVERSION = YES;
				CLANG_WARN_NON_LITERAL_NULL_CONVERSION = YES;
				CLANG_WARN_OBJC_IMPLICIT_RETAIN_SELF = YES;
				CLANG_WARN_OBJC_LITERAL_CONVERSION = YES;
				CLANG_WARN_OBJC_ROOT_CLASS = YES_ERROR;
				CLANG_WARN_QUOTED_INCLUDE_IN_FRAMEWORK_HEADER = YES;
				CLANG_WARN_RANGE_LOOP_ANALYSIS = YES;
				CLANG_WARN_STRICT_PROTOTYPES = YES;
				CLANG_WARN_SUSPICIOUS_MOVE = YES;
				CLANG_WARN_UNGUARDED_AVAILABILITY = YES_AGGRESSIVE;
				CLANG_WARN_UNREACHABLE_CODE = YES;
				CLANG_WARN__DUPLICATE_METHOD_MATCH = YES;
				COPY_PHASE_STRIP = NO;
				DEBUG_INFORMATION_FORMAT = "dwarf-with-dsym";
				ENABLE_NS_ASSERTIONS = NO;
				ENABLE_STRICT_OBJC_MSGSEND = YES;
				ENABLE_USER_SCRIPT_SANDBOXING = YES;
				GCC_C_LANGUAGE_STANDARD = gnu17;
				GCC_NO_COMMON_BLOCKS = YES;
				GCC_WARN_64_TO_32_BIT_CONVERSION = YES;
				GCC_WARN_ABOUT_RETURN_TYPE = YES_ERROR;
				GCC_WARN_UNDECLARED_SELECTOR = YES;
				GCC_WARN_UNINITIALIZED_AUTOS = YES_AGGRESSIVE;
				GCC_WARN_UNUSED_FUNCTION = YES;
				GCC_WARN_UNUSED_VARIABLE = YES;
				IPHONEOS_DEPLOYMENT_TARGET = 17.2;
				LOCALIZATION_PREFERS_STRING_CATALOGS = YES;
				MTL_ENABLE_DEBUG_INFO = NO;
				MTL_FAST_MATH = YES;
				SDKROOT = iphoneos;
				SWIFT_COMPILATION_MODE = wholemodule;
				VALIDATE_PRODUCT = YES;
			};
			name = Release;
		};
		C76703B22CE70E1D008A9A24 /* Debug */ = {
			isa = XCBuildConfiguration;
			buildSettings = {
				ASSETCATALOG_COMPILER_APPICON_NAME = AppIcon;
				ASSETCATALOG_COMPILER_GLOBAL_ACCENT_COLOR_NAME = AccentColor;
				CODE_SIGN_STYLE = Automatic;
				CURRENT_PROJECT_VERSION = 1;
				GENERATE_INFOPLIST_FILE = YES;
				INFOPLIST_FILE = Assign8/Info.plist;
				INFOPLIST_KEY_UIApplicationSupportsIndirectInputEvents = YES;
				INFOPLIST_KEY_UILaunchStoryboardName = LaunchScreen;
				INFOPLIST_KEY_UIMainStoryboardFile = Main;
				INFOPLIST_KEY_UISupportedInterfaceOrientations_iPad = "UIInterfaceOrientationPortrait UIInterfaceOrientationPortraitUpsideDown UIInterfaceOrientationLandscapeLeft UIInterfaceOrientationLandscapeRight";
				INFOPLIST_KEY_UISupportedInterfaceOrientations_iPhone = "UIInterfaceOrientationPortrait UIInterfaceOrientationLandscapeLeft UIInterfaceOrientationLandscapeRight";
				LD_RUNPATH_SEARCH_PATHS = (
					"$(inherited)",
					"@executable_path/Frameworks",
				);
				MARKETING_VERSION = 1.0;
				PRODUCT_BUNDLE_IDENTIFIER = Assignment8.Assign8;
				PRODUCT_NAME = "$(TARGET_NAME)";
				SWIFT_EMIT_LOC_STRINGS = YES;
				SWIFT_VERSION = 5.0;
				TARGETED_DEVICE_FAMILY = "1,2";
			};
			name = Debug;
		};
		C76703B32CE70E1D008A9A24 /* Release */ = {
			isa = XCBuildConfiguration;
			buildSettings = {
				ASSETCATALOG_COMPILER_APPICON_NAME = AppIcon;
				ASSETCATALOG_COMPILER_GLOBAL_ACCENT_COLOR_NAME = AccentColor;
				CODE_SIGN_STYLE = Automatic;
				CURRENT_PROJECT_VERSION = 1;
				GENERATE_INFOPLIST_FILE = YES;
				INFOPLIST_FILE = Assign8/Info.plist;
				INFOPLIST_KEY_UIApplicationSupportsIndirectInputEvents = YES;
				INFOPLIST_KEY_UILaunchStoryboardName = LaunchScreen;
				INFOPLIST_KEY_UIMainStoryboardFile = Main;
				INFOPLIST_KEY_UISupportedInterfaceOrientations_iPad = "UIInterfaceOrientationPortrait UIInterfaceOrientationPortraitUpsideDown UIInterfaceOrientationLandscapeLeft UIInterfaceOrientationLandscapeRight";
				INFOPLIST_KEY_UISupportedInterfaceOrientations_iPhone = "UIInterfaceOrientationPortrait UIInterfaceOrientationLandscapeLeft UIInterfaceOrientationLandscapeRight";
				LD_RUNPATH_SEARCH_PATHS = (
					"$(inherited)",
					"@executable_path/Frameworks",
				);
				MARKETING_VERSION = 1.0;
				PRODUCT_BUNDLE_IDENTIFIER = Assignment8.Assign8;
				PRODUCT_NAME = "$(TARGET_NAME)";
				SWIFT_EMIT_LOC_STRINGS = YES;
				SWIFT_VERSION = 5.0;
				TARGETED_DEVICE_FAMILY = "1,2";
			};
			name = Release;
		};
		C76703B52CE70E1D008A9A24 /* Debug */ = {
			isa = XCBuildConfiguration;
			buildSettings = {
				ALWAYS_EMBED_SWIFT_STANDARD_LIBRARIES = YES;
				BUNDLE_LOADER = "$(TEST_HOST)";
				CODE_SIGN_STYLE = Automatic;
				CURRENT_PROJECT_VERSION = 1;
				GENERATE_INFOPLIST_FILE = YES;
				IPHONEOS_DEPLOYMENT_TARGET = 17.2;
				MARKETING_VERSION = 1.0;
				PRODUCT_BUNDLE_IDENTIFIER = Assignment8.Assign8Tests;
				PRODUCT_NAME = "$(TARGET_NAME)";
				SWIFT_EMIT_LOC_STRINGS = NO;
				SWIFT_VERSION = 5.0;
				TARGETED_DEVICE_FAMILY = "1,2";
				TEST_HOST = "$(BUILT_PRODUCTS_DIR)/Assign8.app/$(BUNDLE_EXECUTABLE_FOLDER_PATH)/Assign8";
			};
			name = Debug;
		};
		C76703B62CE70E1D008A9A24 /* Release */ = {
			isa = XCBuildConfiguration;
			buildSettings = {
				ALWAYS_EMBED_SWIFT_STANDARD_LIBRARIES = YES;
				BUNDLE_LOADER = "$(TEST_HOST)";
				CODE_SIGN_STYLE = Automatic;
				CURRENT_PROJECT_VERSION = 1;
				GENERATE_INFOPLIST_FILE = YES;
				IPHONEOS_DEPLOYMENT_TARGET = 17.2;
				MARKETING_VERSION = 1.0;
				PRODUCT_BUNDLE_IDENTIFIER = Assignment8.Assign8Tests;
				PRODUCT_NAME = "$(TARGET_NAME)";
				SWIFT_EMIT_LOC_STRINGS = NO;
				SWIFT_VERSION = 5.0;
				TARGETED_DEVICE_FAMILY = "1,2";
				TEST_HOST = "$(BUILT_PRODUCTS_DIR)/Assign8.app/$(BUNDLE_EXECUTABLE_FOLDER_PATH)/Assign8";
			};
			name = Release;
		};
		C76703B82CE70E1D008A9A24 /* Debug */ = {
			isa = XCBuildConfiguration;
			buildSettings = {
				ALWAYS_EMBED_SWIFT_STANDARD_LIBRARIES = YES;
				CODE_SIGN_STYLE = Automatic;
				CURRENT_PROJECT_VERSION = 1;
				GENERATE_INFOPLIST_FILE = YES;
				MARKETING_VERSION = 1.0;
				PRODUCT_BUNDLE_IDENTIFIER = Assignment8.Assign8UITests;
				PRODUCT_NAME = "$(TARGET_NAME)";
				SWIFT_EMIT_LOC_STRINGS = NO;
				SWIFT_VERSION = 5.0;
				TARGETED_DEVICE_FAMILY = "1,2";
				TEST_TARGET_NAME = Assign8;
			};
			name = Debug;
		};
		C76703B92CE70E1D008A9A24 /* Release */ = {
			isa = XCBuildConfiguration;
			buildSettings = {
				ALWAYS_EMBED_SWIFT_STANDARD_LIBRARIES = YES;
				CODE_SIGN_STYLE = Automatic;
				CURRENT_PROJECT_VERSION = 1;
				GENERATE_INFOPLIST_FILE = YES;
				MARKETING_VERSION = 1.0;
				PRODUCT_BUNDLE_IDENTIFIER = Assignment8.Assign8UITests;
				PRODUCT_NAME = "$(TARGET_NAME)";
				SWIFT_EMIT_LOC_STRINGS = NO;
				SWIFT_VERSION = 5.0;
				TARGETED_DEVICE_FAMILY = "1,2";
				TEST_TARGET_NAME = Assign8;
			};
			name = Release;
		};
/* End XCBuildConfiguration section */

/* Begin XCConfigurationList section */
		C76703822CE70E1C008A9A24 /* Build configuration list for PBXProject "Assign8" */ = {
			isa = XCConfigurationList;
			buildConfigurations = (
				C76703AF2CE70E1D008A9A24 /* Debug */,
				C76703B02CE70E1D008A9A24 /* Release */,
			);
			defaultConfigurationIsVisible = 0;
			defaultConfigurationName = Release;
		};
		C76703B12CE70E1D008A9A24 /* Build configuration list for PBXNativeTarget "Assign8" */ = {
			isa = XCConfigurationList;
			buildConfigurations = (
				C76703B22CE70E1D008A9A24 /* Debug */,
				C76703B32CE70E1D008A9A24 /* Release */,
			);
			defaultConfigurationIsVisible = 0;
			defaultConfigurationName = Release;
		};
		C76703B42CE70E1D008A9A24 /* Build configuration list for PBXNativeTarget "Assign8Tests" */ = {
			isa = XCConfigurationList;
			buildConfigurations = (
				C76703B52CE70E1D008A9A24 /* Debug */,
				C76703B62CE70E1D008A9A24 /* Release */,
			);
			defaultConfigurationIsVisible = 0;
			defaultConfigurationName = Release;
		};
		C76703B72CE70E1D008A9A24 /* Build configuration list for PBXNativeTarget "Assign8UITests" */ = {
			isa = XCConfigurationList;
			buildConfigurations = (
				C76703B82CE70E1D008A9A24 /* Debug */,
				C76703B92CE70E1D008A9A24 /* Release */,
			);
			defaultConfigurationIsVisible = 0;
			defaultConfigurationName = Release;
		};
/* End XCConfigurationList section */
	};
	rootObject = C767037F2CE70E1C008A9A24 /* Project object */;
}
